// !$*UTF8*$!
{
	archiveVersion = 1;
	classes = {
	};
	objectVersion = 50;
	objects = {

/* Begin PBXBuildFile section */
		D744E8D420734D79004E97BC /* AppDelegate.swift in Sources */ = {isa = PBXBuildFile; fileRef = D744E8D320734D79004E97BC /* AppDelegate.swift */; };
		D744E8D620734D79004E97BC /* MapVC.swift in Sources */ = {isa = PBXBuildFile; fileRef = D744E8D520734D79004E97BC /* MapVC.swift */; };
		D744E8D920734D79004E97BC /* Main.storyboard in Resources */ = {isa = PBXBuildFile; fileRef = D744E8D720734D79004E97BC /* Main.storyboard */; };
		D744E8DB20734D7B004E97BC /* Assets.xcassets in Resources */ = {isa = PBXBuildFile; fileRef = D744E8DA20734D7B004E97BC /* Assets.xcassets */; };
		D744E8DE20734D7B004E97BC /* LaunchScreen.storyboard in Resources */ = {isa = PBXBuildFile; fileRef = D744E8DC20734D7B004E97BC /* LaunchScreen.storyboard */; };
		D74D13AF2074701200E3C18B /* DroppablePin.swift in Sources */ = {isa = PBXBuildFile; fileRef = D74D13AE2074701200E3C18B /* DroppablePin.swift */; };
		D7BE7CB32074A179008D33DA /* PhotoCell.swift in Sources */ = {isa = PBXBuildFile; fileRef = D7BE7CB22074A179008D33DA /* PhotoCell.swift */; };
		D7BE7CB82074A95B008D33DA /* Constants.swift in Sources */ = {isa = PBXBuildFile; fileRef = D7BE7CB72074A95B008D33DA /* Constants.swift */; };
		E6ADBE8B11F822F00E8912A8 /* Pods_Pixel_City.framework in Frameworks */ = {isa = PBXBuildFile; fileRef = F1CE263E8BDDBB09ABECB415 /* Pods_Pixel_City.framework */; };
/* End PBXBuildFile section */

/* Begin PBXFileReference section */
		02ADAD4E41CD216DF4A35514 /* Pods-Pixel-City.debug.xcconfig */ = {isa = PBXFileReference; includeInIndex = 1; lastKnownFileType = text.xcconfig; name = "Pods-Pixel-City.debug.xcconfig"; path = "Pods/Target Support Files/Pods-Pixel-City/Pods-Pixel-City.debug.xcconfig"; sourceTree = "<group>"; };
		2BAE7373D53AC1E087E7E878 /* Pods-Pixel-City.release.xcconfig */ = {isa = PBXFileReference; includeInIndex = 1; lastKnownFileType = text.xcconfig; name = "Pods-Pixel-City.release.xcconfig"; path = "Pods/Target Support Files/Pods-Pixel-City/Pods-Pixel-City.release.xcconfig"; sourceTree = "<group>"; };
		D744E8D020734D79004E97BC /* Pixel-City.app */ = {isa = PBXFileReference; explicitFileType = wrapper.application; includeInIndex = 0; path = "Pixel-City.app"; sourceTree = BUILT_PRODUCTS_DIR; };
		D744E8D320734D79004E97BC /* AppDelegate.swift */ = {isa = PBXFileReference; lastKnownFileType = sourcecode.swift; path = AppDelegate.swift; sourceTree = "<group>"; };
		D744E8D520734D79004E97BC /* MapVC.swift */ = {isa = PBXFileReference; lastKnownFileType = sourcecode.swift; path = MapVC.swift; sourceTree = "<group>"; };
		D744E8D820734D79004E97BC /* Base */ = {isa = PBXFileReference; lastKnownFileType = file.storyboard; name = Base; path = Base.lproj/Main.storyboard; sourceTree = "<group>"; };
		D744E8DA20734D7B004E97BC /* Assets.xcassets */ = {isa = PBXFileReference; lastKnownFileType = folder.assetcatalog; path = Assets.xcassets; sourceTree = "<group>"; };
		D744E8DD20734D7B004E97BC /* Base */ = {isa = PBXFileReference; lastKnownFileType = file.storyboard; name = Base; path = Base.lproj/LaunchScreen.storyboard; sourceTree = "<group>"; };
		D744E8DF20734D7B004E97BC /* Info.plist */ = {isa = PBXFileReference; lastKnownFileType = text.plist.xml; path = Info.plist; sourceTree = "<group>"; };
		D74D13AE2074701200E3C18B /* DroppablePin.swift */ = {isa = PBXFileReference; lastKnownFileType = sourcecode.swift; path = DroppablePin.swift; sourceTree = "<group>"; };
		D7BE7CB22074A179008D33DA /* PhotoCell.swift */ = {isa = PBXFileReference; lastKnownFileType = sourcecode.swift; path = PhotoCell.swift; sourceTree = "<group>"; };
		D7BE7CB72074A95B008D33DA /* Constants.swift */ = {isa = PBXFileReference; lastKnownFileType = sourcecode.swift; path = Constants.swift; sourceTree = "<group>"; };
		F1CE263E8BDDBB09ABECB415 /* Pods_Pixel_City.framework */ = {isa = PBXFileReference; explicitFileType = wrapper.framework; includeInIndex = 0; path = Pods_Pixel_City.framework; sourceTree = BUILT_PRODUCTS_DIR; };
/* End PBXFileReference section */

/* Begin PBXFrameworksBuildPhase section */
		D744E8CD20734D79004E97BC /* Frameworks */ = {
			isa = PBXFrameworksBuildPhase;
			buildActionMask = 2147483647;
			files = (
				E6ADBE8B11F822F00E8912A8 /* Pods_Pixel_City.framework in Frameworks */,
			);
			runOnlyForDeploymentPostprocessing = 0;
		};
/* End PBXFrameworksBuildPhase section */

/* Begin PBXGroup section */
		CAC1194C9789DCC942233142 /* Frameworks */ = {
			isa = PBXGroup;
			children = (
				F1CE263E8BDDBB09ABECB415 /* Pods_Pixel_City.framework */,
			);
			name = Frameworks;
			sourceTree = "<group>";
		};
		D744E8C720734D79004E97BC = {
			isa = PBXGroup;
			children = (
				D744E8D220734D79004E97BC /* Pixel-City */,
				D744E8D120734D79004E97BC /* Products */,
				E58D45A90FD745A27BDB7E0D /* Pods */,
				CAC1194C9789DCC942233142 /* Frameworks */,
			);
			sourceTree = "<group>";
		};
		D744E8D120734D79004E97BC /* Products */ = {
			isa = PBXGroup;
			children = (
				D744E8D020734D79004E97BC /* Pixel-City.app */,
			);
			name = Products;
			sourceTree = "<group>";
		};
		D744E8D220734D79004E97BC /* Pixel-City */ = {
			isa = PBXGroup;
			children = (
				D744E8D320734D79004E97BC /* AppDelegate.swift */,
				D744E8D720734D79004E97BC /* Main.storyboard */,
				D744E8E720734DB2004E97BC /* View Controllers */,
				D744E8E620734DA2004E97BC /* Views */,
				D744E8E820734DC1004E97BC /* Model */,
				D7BE7CB62074A794008D33DA /* Services */,
				D744E8EA20734DEF004E97BC /* Extensions */,
				D744E8E920734DE5004E97BC /* Uittilies */,
				D744E8DA20734D7B004E97BC /* Assets.xcassets */,
				D744E8DC20734D7B004E97BC /* LaunchScreen.storyboard */,
				D744E8DF20734D7B004E97BC /* Info.plist */,
			);
			path = "Pixel-City";
			sourceTree = "<group>";
		};
		D744E8E620734DA2004E97BC /* Views */ = {
			isa = PBXGroup;
			children = (
				D74D13AE2074701200E3C18B /* DroppablePin.swift */,
				D7BE7CB22074A179008D33DA /* PhotoCell.swift */,
			);
			path = Views;
			sourceTree = "<group>";
		};
		D744E8E720734DB2004E97BC /* View Controllers */ = {
			isa = PBXGroup;
			children = (
				D744E8D520734D79004E97BC /* MapVC.swift */,
			);
			path = "View Controllers";
			sourceTree = "<group>";
		};
		D744E8E820734DC1004E97BC /* Model */ = {
			isa = PBXGroup;
			children = (
			);
			path = Model;
			sourceTree = "<group>";
		};
		D744E8E920734DE5004E97BC /* Uittilies */ = {
			isa = PBXGroup;
			children = (
				D7BE7CB72074A95B008D33DA /* Constants.swift */,
			);
			path = Uittilies;
			sourceTree = "<group>";
		};
		D744E8EA20734DEF004E97BC /* Extensions */ = {
			isa = PBXGroup;
			children = (
			);
			path = Extensions;
			sourceTree = "<group>";
		};
		D7BE7CB62074A794008D33DA /* Services */ = {
			isa = PBXGroup;
			children = (
			);
			path = Services;
			sourceTree = "<group>";
		};
		E58D45A90FD745A27BDB7E0D /* Pods */ = {
			isa = PBXGroup;
			children = (
				02ADAD4E41CD216DF4A35514 /* Pods-Pixel-City.debug.xcconfig */,
				2BAE7373D53AC1E087E7E878 /* Pods-Pixel-City.release.xcconfig */,
			);
			name = Pods;
			sourceTree = "<group>";
		};
/* End PBXGroup section */

/* Begin PBXNativeTarget section */
		D744E8CF20734D79004E97BC /* Pixel-City */ = {
			isa = PBXNativeTarget;
			buildConfigurationList = D744E8E220734D7B004E97BC /* Build configuration list for PBXNativeTarget "Pixel-City" */;
			buildPhases = (
				5B7376D79325E457F2C1B252 /* [CP] Check Pods Manifest.lock */,
				D744E8CC20734D79004E97BC /* Sources */,
				D744E8CD20734D79004E97BC /* Frameworks */,
				D744E8CE20734D79004E97BC /* Resources */,
				E03550244384CD62C0E4DB8F /* [CP] Embed Pods Frameworks */,
				CECED68880DAD1DFC79289B7 /* [CP] Copy Pods Resources */,
			);
			buildRules = (
			);
			dependencies = (
			);
			name = "Pixel-City";
			productName = "Pixel-City";
			productReference = D744E8D020734D79004E97BC /* Pixel-City.app */;
			productType = "com.apple.product-type.application";
		};
/* End PBXNativeTarget section */

/* Begin PBXProject section */
		D744E8C820734D79004E97BC /* Project object */ = {
			isa = PBXProject;
			attributes = {
				LastSwiftUpdateCheck = 0930;
				LastUpgradeCheck = 0930;
				ORGANIZATIONNAME = "Dũng Võ";
				TargetAttributes = {
					D744E8CF20734D79004E97BC = {
						CreatedOnToolsVersion = 9.3;
					};
				};
			};
			buildConfigurationList = D744E8CB20734D79004E97BC /* Build configuration list for PBXProject "Pixel-City" */;
			compatibilityVersion = "Xcode 9.3";
			developmentRegion = en;
			hasScannedForEncodings = 0;
			knownRegions = (
				en,
				Base,
			);
			mainGroup = D744E8C720734D79004E97BC;
			productRefGroup = D744E8D120734D79004E97BC /* Products */;
			projectDirPath = "";
			projectRoot = "";
			targets = (
				D744E8CF20734D79004E97BC /* Pixel-City */,
			);
		};
/* End PBXProject section */

/* Begin PBXResourcesBuildPhase section */
		D744E8CE20734D79004E97BC /* Resources */ = {
			isa = PBXResourcesBuildPhase;
			buildActionMask = 2147483647;
			files = (
				D744E8DE20734D7B004E97BC /* LaunchScreen.storyboard in Resources */,
				D744E8DB20734D7B004E97BC /* Assets.xcassets in Resources */,
				D744E8D920734D79004E97BC /* Main.storyboard in Resources */,
			);
			runOnlyForDeploymentPostprocessing = 0;
		};
/* End PBXResourcesBuildPhase section */

/* Begin PBXShellScriptBuildPhase section */
		5B7376D79325E457F2C1B252 /* [CP] Check Pods Manifest.lock */ = {
			isa = PBXShellScriptBuildPhase;
			buildActionMask = 2147483647;
			files = (
			);
			inputPaths = (
				"${PODS_PODFILE_DIR_PATH}/Podfile.lock",
				"${PODS_ROOT}/Manifest.lock",
			);
			name = "[CP] Check Pods Manifest.lock";
			outputPaths = (
				"$(DERIVED_FILE_DIR)/Pods-Pixel-City-checkManifestLockResult.txt",
			);
			runOnlyForDeploymentPostprocessing = 0;
			shellPath = /bin/sh;
			shellScript = "diff \"${PODS_PODFILE_DIR_PATH}/Podfile.lock\" \"${PODS_ROOT}/Manifest.lock\" > /dev/null\nif [ $? != 0 ] ; then\n    # print error to STDERR\n    echo \"error: The sandbox is not in sync with the Podfile.lock. Run 'pod install' or update your CocoaPods installation.\" >&2\n    exit 1\nfi\n# This output is used by Xcode 'outputs' to avoid re-running this script phase.\necho \"SUCCESS\" > \"${SCRIPT_OUTPUT_FILE_0}\"\n";
			showEnvVarsInLog = 0;
		};
		CECED68880DAD1DFC79289B7 /* [CP] Copy Pods Resources */ = {
			isa = PBXShellScriptBuildPhase;
			buildActionMask = 2147483647;
			files = (
			);
			inputPaths = (
			);
			name = "[CP] Copy Pods Resources";
			outputPaths = (
			);
			runOnlyForDeploymentPostprocessing = 0;
			shellPath = /bin/sh;
			shellScript = "\"${SRCROOT}/Pods/Target Support Files/Pods-Pixel-City/Pods-Pixel-City-resources.sh\"\n";
			showEnvVarsInLog = 0;
		};
		E03550244384CD62C0E4DB8F /* [CP] Embed Pods Frameworks */ = {
			isa = PBXShellScriptBuildPhase;
			buildActionMask = 2147483647;
			files = (
			);
			inputPaths = (
				"${SRCROOT}/Pods/Target Support Files/Pods-Pixel-City/Pods-Pixel-City-frameworks.sh",
				"${BUILT_PRODUCTS_DIR}/Alamofire/Alamofire.framework",
				"${BUILT_PRODUCTS_DIR}/AlamofireImage/AlamofireImage.framework",
			);
			name = "[CP] Embed Pods Frameworks";
			outputPaths = (
				"${TARGET_BUILD_DIR}/${FRAMEWORKS_FOLDER_PATH}/Alamofire.framework",
				"${TARGET_BUILD_DIR}/${FRAMEWORKS_FOLDER_PATH}/AlamofireImage.framework",
			);
			runOnlyForDeploymentPostprocessing = 0;
			shellPath = /bin/sh;
			shellScript = "\"${SRCROOT}/Pods/Target Support Files/Pods-Pixel-City/Pods-Pixel-City-frameworks.sh\"\n";
			showEnvVarsInLog = 0;
		};
/* End PBXShellScriptBuildPhase section */

/* Begin PBXSourcesBuildPhase section */
		D744E8CC20734D79004E97BC /* Sources */ = {
			isa = PBXSourcesBuildPhase;
			buildActionMask = 2147483647;
			files = (
				D7BE7CB32074A179008D33DA /* PhotoCell.swift in Sources */,
				D744E8D620734D79004E97BC /* MapVC.swift in Sources */,
				D74D13AF2074701200E3C18B /* DroppablePin.swift in Sources */,
				D7BE7CB82074A95B008D33DA /* Constants.swift in Sources */,
				D744E8D420734D79004E97BC /* AppDelegate.swift in Sources */,
			);
			runOnlyForDeploymentPostprocessing = 0;
		};
/* End PBXSourcesBuildPhase section */

/* Begin PBXVariantGroup section */
		D744E8D720734D79004E97BC /* Main.storyboard */ = {
			isa = PBXVariantGroup;
			children = (
				D744E8D820734D79004E97BC /* Base */,
			);
			name = Main.storyboard;
			sourceTree = "<group>";
		};
		D744E8DC20734D7B004E97BC /* LaunchScreen.storyboard */ = {
			isa = PBXVariantGroup;
			children = (
				D744E8DD20734D7B004E97BC /* Base */,
			);
			name = LaunchScreen.storyboard;
			sourceTree = "<group>";
		};
/* End PBXVariantGroup section */

/* Begin XCBuildConfiguration section */
		D744E8E020734D7B004E97BC /* Debug */ = {
			isa = XCBuildConfiguration;
			buildSettings = {
				ALWAYS_SEARCH_USER_PATHS = NO;
				CLANG_ANALYZER_NONNULL = YES;
				CLANG_ANALYZER_NUMBER_OBJECT_CONVERSION = YES_AGGRESSIVE;
				CLANG_CXX_LANGUAGE_STANDARD = "gnu++14";
				CLANG_CXX_LIBRARY = "libc++";
				CLANG_ENABLE_MODULES = YES;
				CLANG_ENABLE_OBJC_ARC = YES;
				CLANG_ENABLE_OBJC_WEAK = YES;
				CLANG_WARN_BLOCK_CAPTURE_AUTORELEASING = YES;
				CLANG_WARN_BOOL_CONVERSION = YES;
				CLANG_WARN_COMMA = YES;
				CLANG_WARN_CONSTANT_CONVERSION = YES;
				CLANG_WARN_DEPRECATED_OBJC_IMPLEMENTATIONS = YES;
				CLANG_WARN_DIRECT_OBJC_ISA_USAGE = YES_ERROR;
				CLANG_WARN_DOCUMENTATION_COMMENTS = YES;
				CLANG_WARN_EMPTY_BODY = YES;
				CLANG_WARN_ENUM_CONVERSION = YES;
				CLANG_WARN_INFINITE_RECURSION = YES;
				CLANG_WARN_INT_CONVERSION = YES;
				CLANG_WARN_NON_LITERAL_NULL_CONVERSION = YES;
				CLANG_WARN_OBJC_IMPLICIT_RETAIN_SELF = YES;
				CLANG_WARN_OBJC_LITERAL_CONVERSION = YES;
				CLANG_WARN_OBJC_ROOT_CLASS = YES_ERROR;
				CLANG_WARN_RANGE_LOOP_ANALYSIS = YES;
				CLANG_WARN_STRICT_PROTOTYPES = YES;
				CLANG_WARN_SUSPICIOUS_MOVE = YES;
				CLANG_WARN_UNGUARDED_AVAILABILITY = YES_AGGRESSIVE;
				CLANG_WARN_UNREACHABLE_CODE = YES;
				CLANG_WARN__DUPLICATE_METHOD_MATCH = YES;
				CODE_SIGN_IDENTITY = "iPhone Developer";
				COPY_PHASE_STRIP = NO;
				DEBUG_INFORMATION_FORMAT = dwarf;
				ENABLE_STRICT_OBJC_MSGSEND = YES;
				ENABLE_TESTABILITY = YES;
				GCC_C_LANGUAGE_STANDARD = gnu11;
				GCC_DYNAMIC_NO_PIC = NO;
				GCC_NO_COMMON_BLOCKS = YES;
				GCC_OPTIMIZATION_LEVEL = 0;
				GCC_PREPROCESSOR_DEFINITIONS = (
					"DEBUG=1",
					"$(inherited)",
				);
				GCC_WARN_64_TO_32_BIT_CONVERSION = YES;
				GCC_WARN_ABOUT_RETURN_TYPE = YES_ERROR;
				GCC_WARN_UNDECLARED_SELECTOR = YES;
				GCC_WARN_UNINITIALIZED_AUTOS = YES_AGGRESSIVE;
				GCC_WARN_UNUSED_FUNCTION = YES;
				GCC_WARN_UNUSED_VARIABLE = YES;
				IPHONEOS_DEPLOYMENT_TARGET = 11.3;
				MTL_ENABLE_DEBUG_INFO = YES;
				ONLY_ACTIVE_ARCH = YES;
				SDKROOT = iphoneos;
				SWIFT_ACTIVE_COMPILATION_CONDITIONS = DEBUG;
				SWIFT_OPTIMIZATION_LEVEL = "-Onone";
			};
			name = Debug;
		};
		D744E8E120734D7B004E97BC /* Release */ = {
			isa = XCBuildConfiguration;
			buildSettings = {
				ALWAYS_SEARCH_USER_PATHS = NO;
				CLANG_ANALYZER_NONNULL = YES;
				CLANG_ANALYZER_NUMBER_OBJECT_CONVERSION = YES_AGGRESSIVE;
				CLANG_CXX_LANGUAGE_STANDARD = "gnu++14";
				CLANG_CXX_LIBRARY = "libc++";
				CLANG_ENABLE_MODULES = YES;
				CLANG_ENABLE_OBJC_ARC = YES;
				CLANG_ENABLE_OBJC_WEAK = YES;
				CLANG_WARN_BLOCK_CAPTURE_AUTORELEASING = YES;
				CLANG_WARN_BOOL_CONVERSION = YES;
				CLANG_WARN_COMMA = YES;
				CLANG_WARN_CONSTANT_CONVERSION = YES;
				CLANG_WARN_DEPRECATED_OBJC_IMPLEMENTATIONS = YES;
				CLANG_WARN_DIRECT_OBJC_ISA_USAGE = YES_ERROR;
				CLANG_WARN_DOCUMENTATION_COMMENTS = YES;
				CLANG_WARN_EMPTY_BODY = YES;
				CLANG_WARN_ENUM_CONVERSION = YES;
				CLANG_WARN_INFINITE_RECURSION = YES;
				CLANG_WARN_INT_CONVERSION = YES;
				CLANG_WARN_NON_LITERAL_NULL_CONVERSION = YES;
				CLANG_WARN_OBJC_IMPLICIT_RETAIN_SELF = YES;
				CLANG_WARN_OBJC_LITERAL_CONVERSION = YES;
				CLANG_WARN_OBJC_ROOT_CLASS = YES_ERROR;
				CLANG_WARN_RANGE_LOOP_ANALYSIS = YES;
				CLANG_WARN_STRICT_PROTOTYPES = YES;
				CLANG_WARN_SUSPICIOUS_MOVE = YES;
				CLANG_WARN_UNGUARDED_AVAILABILITY = YES_AGGRESSIVE;
				CLANG_WARN_UNREACHABLE_CODE = YES;
				CLANG_WARN__DUPLICATE_METHOD_MATCH = YES;
				CODE_SIGN_IDENTITY = "iPhone Developer";
				COPY_PHASE_STRIP = NO;
				DEBUG_INFORMATION_FORMAT = "dwarf-with-dsym";
				ENABLE_NS_ASSERTIONS = NO;
				ENABLE_STRICT_OBJC_MSGSEND = YES;
				GCC_C_LANGUAGE_STANDARD = gnu11;
				GCC_NO_COMMON_BLOCKS = YES;
				GCC_WARN_64_TO_32_BIT_CONVERSION = YES;
				GCC_WARN_ABOUT_RETURN_TYPE = YES_ERROR;
				GCC_WARN_UNDECLARED_SELECTOR = YES;
				GCC_WARN_UNINITIALIZED_AUTOS = YES_AGGRESSIVE;
				GCC_WARN_UNUSED_FUNCTION = YES;
				GCC_WARN_UNUSED_VARIABLE = YES;
				IPHONEOS_DEPLOYMENT_TARGET = 11.3;
				MTL_ENABLE_DEBUG_INFO = NO;
				SDKROOT = iphoneos;
				SWIFT_COMPILATION_MODE = wholemodule;
				SWIFT_OPTIMIZATION_LEVEL = "-O";
				VALIDATE_PRODUCT = YES;
			};
			name = Release;
		};
		D744E8E320734D7B004E97BC /* Debug */ = {
			isa = XCBuildConfiguration;
			baseConfigurationReference = 02ADAD4E41CD216DF4A35514 /* Pods-Pixel-City.debug.xcconfig */;
			buildSettings = {
				ASSETCATALOG_COMPILER_APPICON_NAME = AppIcon;
				CODE_SIGN_STYLE = Automatic;
				DEVELOPMENT_TEAM = X4RZK7Z7VB;
				INFOPLIST_FILE = "Pixel-City/Info.plist";
				LD_RUNPATH_SEARCH_PATHS = (
					"$(inherited)",
					"@executable_path/Frameworks",
				);
				PRODUCT_BUNDLE_IDENTIFIER = "com.pos.Pixel-City";
				PRODUCT_NAME = "$(TARGET_NAME)";
				SWIFT_VERSION = 4.0;
				TARGETED_DEVICE_FAMILY = "1,2";
			};
			name = Debug;
		};
		D744E8E420734D7B004E97BC /* Release */ = {
			isa = XCBuildConfiguration;
			baseConfigurationReference = 2BAE7373D53AC1E087E7E878 /* Pods-Pixel-City.release.xcconfig */;
			buildSettings = {
				ASSETCATALOG_COMPILER_APPICON_NAME = AppIcon;
				CODE_SIGN_STYLE = Automatic;
				DEVELOPMENT_TEAM = X4RZK7Z7VB;
				INFOPLIST_FILE = "Pixel-City/Info.plist";
				LD_RUNPATH_SEARCH_PATHS = (
					"$(inherited)",
					"@executable_path/Frameworks",
				);
				PRODUCT_BUNDLE_IDENTIFIER = "com.pos.Pixel-City";
				PRODUCT_NAME = "$(TARGET_NAME)";
				SWIFT_VERSION = 4.0;
				TARGETED_DEVICE_FAMILY = "1,2";
			};
			name = Release;
		};
/* End XCBuildConfiguration section */

/* Begin XCConfigurationList section */
		D744E8CB20734D79004E97BC /* Build configuration list for PBXProject "Pixel-City" */ = {
			isa = XCConfigurationList;
			buildConfigurations = (
				D744E8E020734D7B004E97BC /* Debug */,
				D744E8E120734D7B004E97BC /* Release */,
			);
			defaultConfigurationIsVisible = 0;
			defaultConfigurationName = Release;
		};
		D744E8E220734D7B004E97BC /* Build configuration list for PBXNativeTarget "Pixel-City" */ = {
			isa = XCConfigurationList;
			buildConfigurations = (
				D744E8E320734D7B004E97BC /* Debug */,
				D744E8E420734D7B004E97BC /* Release */,
			);
			defaultConfigurationIsVisible = 0;
			defaultConfigurationName = Release;
		};
/* End XCConfigurationList section */
	};
	rootObject = D744E8C820734D79004E97BC /* Project object */;
}
